
Microsoft Visual Studio Solution File, Format Version 12.00
# Visual Studio Version 16
VisualStudioVersion = 16.0.30907.101
MinimumVisualStudioVersion = 10.0.40219.1
Project("{FAE04EC0-301F-11D3-BF4B-00C04F79EFBC}") = "1. par o inparrr", "1. par o inparrr\1. par o inparrr.csproj", "{947514B3-D54D-442E-939E-313165572C89}"
EndProject
Global
	GlobalSection(SolutionConfigurationPlatforms) = preSolution
		Debug|Any CPU = Debug|Any CPU
		Release|Any CPU = Release|Any CPU
	EndGlobalSection
	GlobalSection(ProjectConfigurationPlatforms) = postSolution
		{947514B3-D54D-442E-939E-313165572C89}.Debug|Any CPU.ActiveCfg = Debug|Any CPU
		{947514B3-D54D-442E-939E-313165572C89}.Debug|Any CPU.Build.0 = Debug|Any CPU
		{947514B3-D54D-442E-939E-313165572C89}.Release|Any CPU.ActiveCfg = Release|Any CPU
		{947514B3-D54D-442E-939E-313165572C89}.Release|Any CPU.Build.0 = Release|Any CPU
	EndGlobalSection
	GlobalSection(SolutionProperties) = preSolution
		HideSolutionNode = FALSE
	EndGlobalSection
	GlobalSection(ExtensibilityGlobals) = postSolution
		SolutionGuid = {969335BF-DEA4-4CD4-9770-89A75777DDFE}
	EndGlobalSection
EndGlobal
