
Microsoft Visual Studio Solution File, Format Version 12.00
# Visual Studio Version 16
VisualStudioVersion = 16.0.30907.101
MinimumVisualStudioVersion = 10.0.40219.1
Project("{FAE04EC0-301F-11D3-BF4B-00C04F79EFBC}") = "Perimetro y Area", "Perimetro y Area\Perimetro y Area.csproj", "{EEE028D2-6758-4BD6-A9DE-273352F44DB6}"
EndProject
Global
	GlobalSection(SolutionConfigurationPlatforms) = preSolution
		Debug|Any CPU = Debug|Any CPU
		Release|Any CPU = Release|Any CPU
	EndGlobalSection
	GlobalSection(ProjectConfigurationPlatforms) = postSolution
		{EEE028D2-6758-4BD6-A9DE-273352F44DB6}.Debug|Any CPU.ActiveCfg = Debug|Any CPU
		{EEE028D2-6758-4BD6-A9DE-273352F44DB6}.Debug|Any CPU.Build.0 = Debug|Any CPU
		{EEE028D2-6758-4BD6-A9DE-273352F44DB6}.Release|Any CPU.ActiveCfg = Release|Any CPU
		{EEE028D2-6758-4BD6-A9DE-273352F44DB6}.Release|Any CPU.Build.0 = Release|Any CPU
	EndGlobalSection
	GlobalSection(SolutionProperties) = preSolution
		HideSolutionNode = FALSE
	EndGlobalSection
	GlobalSection(ExtensibilityGlobals) = postSolution
		SolutionGuid = {8D689187-BB38-4DF4-82F5-3FDC16E2AAE4}
	EndGlobalSection
EndGlobal
