
Microsoft Visual Studio Solution File, Format Version 12.00
# Visual Studio Version 16
VisualStudioVersion = 16.0.30907.101
MinimumVisualStudioVersion = 10.0.40219.1
Project("{FAE04EC0-301F-11D3-BF4B-00C04F79EFBC}") = "Dia de la semana", "Dia de la semana\Dia de la semana.csproj", "{47F4323A-506A-436F-B1E4-8B1C66ACC723}"
EndProject
Global
	GlobalSection(SolutionConfigurationPlatforms) = preSolution
		Debug|Any CPU = Debug|Any CPU
		Release|Any CPU = Release|Any CPU
	EndGlobalSection
	GlobalSection(ProjectConfigurationPlatforms) = postSolution
		{47F4323A-506A-436F-B1E4-8B1C66ACC723}.Debug|Any CPU.ActiveCfg = Debug|Any CPU
		{47F4323A-506A-436F-B1E4-8B1C66ACC723}.Debug|Any CPU.Build.0 = Debug|Any CPU
		{47F4323A-506A-436F-B1E4-8B1C66ACC723}.Release|Any CPU.ActiveCfg = Release|Any CPU
		{47F4323A-506A-436F-B1E4-8B1C66ACC723}.Release|Any CPU.Build.0 = Release|Any CPU
	EndGlobalSection
	GlobalSection(SolutionProperties) = preSolution
		HideSolutionNode = FALSE
	EndGlobalSection
	GlobalSection(ExtensibilityGlobals) = postSolution
		SolutionGuid = {32060FDE-26F3-4427-8F9E-CA56E0EAF9FD}
	EndGlobalSection
EndGlobal
