
Microsoft Visual Studio Solution File, Format Version 12.00
# Visual Studio Version 16
VisualStudioVersion = 16.0.30907.101
MinimumVisualStudioVersion = 10.0.40219.1
Project("{FAE04EC0-301F-11D3-BF4B-00C04F79EFBC}") = "impu del producto", "impu del producto\impu del producto.csproj", "{50772BBD-2D91-4504-9756-D090AC2DF544}"
EndProject
Global
	GlobalSection(SolutionConfigurationPlatforms) = preSolution
		Debug|Any CPU = Debug|Any CPU
		Release|Any CPU = Release|Any CPU
	EndGlobalSection
	GlobalSection(ProjectConfigurationPlatforms) = postSolution
		{50772BBD-2D91-4504-9756-D090AC2DF544}.Debug|Any CPU.ActiveCfg = Debug|Any CPU
		{50772BBD-2D91-4504-9756-D090AC2DF544}.Debug|Any CPU.Build.0 = Debug|Any CPU
		{50772BBD-2D91-4504-9756-D090AC2DF544}.Release|Any CPU.ActiveCfg = Release|Any CPU
		{50772BBD-2D91-4504-9756-D090AC2DF544}.Release|Any CPU.Build.0 = Release|Any CPU
	EndGlobalSection
	GlobalSection(SolutionProperties) = preSolution
		HideSolutionNode = FALSE
	EndGlobalSection
	GlobalSection(ExtensibilityGlobals) = postSolution
		SolutionGuid = {6F65F3D4-E851-4D34-B709-0B393687C501}
	EndGlobalSection
EndGlobal
